
Microsoft Visual Studio Solution File, Format Version 12.00
# Visual Studio Version 17
VisualStudioVersion = 17.11.35222.181
MinimumVisualStudioVersion = 10.0.40219.1
Project("{2150E333-8FDC-42A3-9474-1A3956D46DE8}") = "Sin ISP", "Sin ISP", "{A31975F5-FB68-4E41-8E3F-FE8CBFE9B8C9}"
EndProject
Project("{FAE04EC0-301F-11D3-BF4B-00C04F79EFBC}") = "SinISP", "SinISP\SinISP.csproj", "{088A6B02-7C5C-44F2-9C1D-EEED817847DC}"
EndProject
Project("{2150E333-8FDC-42A3-9474-1A3956D46DE8}") = "Con ISP", "Con ISP", "{F1C965E2-A4B5-49C1-B70A-27B161B27666}"
EndProject
Project("{FAE04EC0-301F-11D3-BF4B-00C04F79EFBC}") = "ConISP", "ConISP\ConISP.csproj", "{F8B85E45-FE82-4D2F-892A-CEEF41CED53F}"
EndProject
Global
	GlobalSection(SolutionConfigurationPlatforms) = preSolution
		Debug|Any CPU = Debug|Any CPU
		Release|Any CPU = Release|Any CPU
	EndGlobalSection
	GlobalSection(ProjectConfigurationPlatforms) = postSolution
		{088A6B02-7C5C-44F2-9C1D-EEED817847DC}.Debug|Any CPU.ActiveCfg = Debug|Any CPU
		{088A6B02-7C5C-44F2-9C1D-EEED817847DC}.Debug|Any CPU.Build.0 = Debug|Any CPU
		{088A6B02-7C5C-44F2-9C1D-EEED817847DC}.Release|Any CPU.ActiveCfg = Release|Any CPU
		{088A6B02-7C5C-44F2-9C1D-EEED817847DC}.Release|Any CPU.Build.0 = Release|Any CPU
		{F8B85E45-FE82-4D2F-892A-CEEF41CED53F}.Debug|Any CPU.ActiveCfg = Debug|Any CPU
		{F8B85E45-FE82-4D2F-892A-CEEF41CED53F}.Debug|Any CPU.Build.0 = Debug|Any CPU
		{F8B85E45-FE82-4D2F-892A-CEEF41CED53F}.Release|Any CPU.ActiveCfg = Release|Any CPU
		{F8B85E45-FE82-4D2F-892A-CEEF41CED53F}.Release|Any CPU.Build.0 = Release|Any CPU
	EndGlobalSection
	GlobalSection(SolutionProperties) = preSolution
		HideSolutionNode = FALSE
	EndGlobalSection
	GlobalSection(NestedProjects) = preSolution
		{088A6B02-7C5C-44F2-9C1D-EEED817847DC} = {A31975F5-FB68-4E41-8E3F-FE8CBFE9B8C9}
		{F8B85E45-FE82-4D2F-892A-CEEF41CED53F} = {F1C965E2-A4B5-49C1-B70A-27B161B27666}
	EndGlobalSection
	GlobalSection(ExtensibilityGlobals) = postSolution
		SolutionGuid = {421E93EA-09E7-46BF-93C0-DB8D503F4F16}
	EndGlobalSection
EndGlobal
