
Microsoft Visual Studio Solution File, Format Version 12.00
# Visual Studio Version 17
VisualStudioVersion = 17.11.35222.181
MinimumVisualStudioVersion = 10.0.40219.1
Project("{FAE04EC0-301F-11D3-BF4B-00C04F79EFBC}") = "Ejercios", "Ejercios\Ejercios.csproj", "{B27F39CA-A824-43D2-B04B-0FD1DF2BDFDF}"
EndProject
Global
	GlobalSection(SolutionConfigurationPlatforms) = preSolution
		Debug|Any CPU = Debug|Any CPU
		Release|Any CPU = Release|Any CPU
	EndGlobalSection
	GlobalSection(ProjectConfigurationPlatforms) = postSolution
		{B27F39CA-A824-43D2-B04B-0FD1DF2BDFDF}.Debug|Any CPU.ActiveCfg = Debug|Any CPU
		{B27F39CA-A824-43D2-B04B-0FD1DF2BDFDF}.Debug|Any CPU.Build.0 = Debug|Any CPU
		{B27F39CA-A824-43D2-B04B-0FD1DF2BDFDF}.Release|Any CPU.ActiveCfg = Release|Any CPU
		{B27F39CA-A824-43D2-B04B-0FD1DF2BDFDF}.Release|Any CPU.Build.0 = Release|Any CPU
	EndGlobalSection
	GlobalSection(SolutionProperties) = preSolution
		HideSolutionNode = FALSE
	EndGlobalSection
	GlobalSection(ExtensibilityGlobals) = postSolution
		SolutionGuid = {227D3DE0-8FF2-4827-AE02-B43ABC2AF944}
	EndGlobalSection
EndGlobal
