
Microsoft Visual Studio Solution File, Format Version 12.00
# Visual Studio Version 17
VisualStudioVersion = 17.11.35222.181
MinimumVisualStudioVersion = 10.0.40219.1
Project("{FAE04EC0-301F-11D3-BF4B-00C04F79EFBC}") = "SrpExample", "SrpExample\SrpExample.csproj", "{4B5896F1-937A-4E8A-908A-EE1F8EC85821}"
EndProject
Global
	GlobalSection(SolutionConfigurationPlatforms) = preSolution
		Debug|Any CPU = Debug|Any CPU
		Release|Any CPU = Release|Any CPU
	EndGlobalSection
	GlobalSection(ProjectConfigurationPlatforms) = postSolution
		{4B5896F1-937A-4E8A-908A-EE1F8EC85821}.Debug|Any CPU.ActiveCfg = Debug|Any CPU
		{4B5896F1-937A-4E8A-908A-EE1F8EC85821}.Debug|Any CPU.Build.0 = Debug|Any CPU
		{4B5896F1-937A-4E8A-908A-EE1F8EC85821}.Release|Any CPU.ActiveCfg = Release|Any CPU
		{4B5896F1-937A-4E8A-908A-EE1F8EC85821}.Release|Any CPU.Build.0 = Release|Any CPU
	EndGlobalSection
	GlobalSection(SolutionProperties) = preSolution
		HideSolutionNode = FALSE
	EndGlobalSection
	GlobalSection(ExtensibilityGlobals) = postSolution
		SolutionGuid = {7D209847-DB14-43FD-90F3-461E0D47FEA6}
	EndGlobalSection
EndGlobal
